
Microsoft Visual Studio Solution File, Format Version 12.00
# Visual Studio 15
VisualStudioVersion = 15.0.28307.421
MinimumVisualStudioVersion = 10.0.40219.1
Project("{FAE04EC0-301F-11D3-BF4B-00C04F79EFBC}") = "MyPasswords", "MyPasswords\MyPasswords.csproj", "{7B52118F-49DC-4063-8609-6E9EEAA670CE}"
EndProject
Project("{FAE04EC0-301F-11D3-BF4B-00C04F79EFBC}") = "Logic", "Logic\Logic.csproj", "{BBA75BF0-9D5C-4597-A04D-FC5F847C843B}"
EndProject
Project("{FAE04EC0-301F-11D3-BF4B-00C04F79EFBC}") = "Views", "View\Views.csproj", "{BAD48907-12E6-46A4-B398-A512B9BDAB9B}"
EndProject
Project("{FAE04EC0-301F-11D3-BF4B-00C04F79EFBC}") = "Interfaces", "Interfaces\Interfaces.csproj", "{4CCB093A-AA7B-41D7-81D7-7C9DD481851A}"
EndProject
Project("{FAE04EC0-301F-11D3-BF4B-00C04F79EFBC}") = "Model", "Model\Model.csproj", "{AE82086A-AD66-4620-BFFB-006D2D742117}"
EndProject
Project("{54435603-DBB4-11D2-8724-00A0C9A8B90C}") = "MyPasswordsSetup", "MyPasswordsSetup\MyPasswordsSetup.vdproj", "{6DDECF9B-E207-4043-88FB-C99490983E29}"
EndProject
Global
	GlobalSection(SolutionConfigurationPlatforms) = preSolution
		Debug|Any CPU = Debug|Any CPU
		Release|Any CPU = Release|Any CPU
	EndGlobalSection
	GlobalSection(ProjectConfigurationPlatforms) = postSolution
		{7B52118F-49DC-4063-8609-6E9EEAA670CE}.Debug|Any CPU.ActiveCfg = Debug|Any CPU
		{7B52118F-49DC-4063-8609-6E9EEAA670CE}.Debug|Any CPU.Build.0 = Debug|Any CPU
		{7B52118F-49DC-4063-8609-6E9EEAA670CE}.Release|Any CPU.ActiveCfg = Release|Any CPU
		{7B52118F-49DC-4063-8609-6E9EEAA670CE}.Release|Any CPU.Build.0 = Release|Any CPU
		{BBA75BF0-9D5C-4597-A04D-FC5F847C843B}.Debug|Any CPU.ActiveCfg = Debug|Any CPU
		{BBA75BF0-9D5C-4597-A04D-FC5F847C843B}.Debug|Any CPU.Build.0 = Debug|Any CPU
		{BBA75BF0-9D5C-4597-A04D-FC5F847C843B}.Release|Any CPU.ActiveCfg = Release|Any CPU
		{BBA75BF0-9D5C-4597-A04D-FC5F847C843B}.Release|Any CPU.Build.0 = Release|Any CPU
		{BAD48907-12E6-46A4-B398-A512B9BDAB9B}.Debug|Any CPU.ActiveCfg = Debug|Any CPU
		{BAD48907-12E6-46A4-B398-A512B9BDAB9B}.Debug|Any CPU.Build.0 = Debug|Any CPU
		{BAD48907-12E6-46A4-B398-A512B9BDAB9B}.Release|Any CPU.ActiveCfg = Release|Any CPU
		{BAD48907-12E6-46A4-B398-A512B9BDAB9B}.Release|Any CPU.Build.0 = Release|Any CPU
		{4CCB093A-AA7B-41D7-81D7-7C9DD481851A}.Debug|Any CPU.ActiveCfg = Debug|Any CPU
		{4CCB093A-AA7B-41D7-81D7-7C9DD481851A}.Debug|Any CPU.Build.0 = Debug|Any CPU
		{4CCB093A-AA7B-41D7-81D7-7C9DD481851A}.Release|Any CPU.ActiveCfg = Release|Any CPU
		{4CCB093A-AA7B-41D7-81D7-7C9DD481851A}.Release|Any CPU.Build.0 = Release|Any CPU
		{AE82086A-AD66-4620-BFFB-006D2D742117}.Debug|Any CPU.ActiveCfg = Debug|Any CPU
		{AE82086A-AD66-4620-BFFB-006D2D742117}.Debug|Any CPU.Build.0 = Debug|Any CPU
		{AE82086A-AD66-4620-BFFB-006D2D742117}.Release|Any CPU.ActiveCfg = Release|Any CPU
		{AE82086A-AD66-4620-BFFB-006D2D742117}.Release|Any CPU.Build.0 = Release|Any CPU
		{6DDECF9B-E207-4043-88FB-C99490983E29}.Debug|Any CPU.ActiveCfg = Debug
		{6DDECF9B-E207-4043-88FB-C99490983E29}.Debug|Any CPU.Build.0 = Debug
		{6DDECF9B-E207-4043-88FB-C99490983E29}.Release|Any CPU.ActiveCfg = Release
		{6DDECF9B-E207-4043-88FB-C99490983E29}.Release|Any CPU.Build.0 = Release
	EndGlobalSection
	GlobalSection(SolutionProperties) = preSolution
		HideSolutionNode = FALSE
	EndGlobalSection
	GlobalSection(ExtensibilityGlobals) = postSolution
		SolutionGuid = {FD0EBE00-5B76-492D-9C90-58A18F6AAE42}
	EndGlobalSection
EndGlobal
